// !$*UTF8*$!
{
	archiveVersion = 1;
	classes = {
	};
	objectVersion = 46;
	objects = {

/* Begin PBXBuildFile section */
		29AA14051EF44E4900011A16 /* AppDelegate.swift in Sources */ = {isa = PBXBuildFile; fileRef = 29AA14041EF44E4900011A16 /* AppDelegate.swift */; };
		29AA14071EF44E4900011A16 /* ViewController.swift in Sources */ = {isa = PBXBuildFile; fileRef = 29AA14061EF44E4900011A16 /* ViewController.swift */; };
		29AA140A1EF44E4900011A16 /* Main.storyboard in Resources */ = {isa = PBXBuildFile; fileRef = 29AA14081EF44E4900011A16 /* Main.storyboard */; };
		29AA140C1EF44E4900011A16 /* Assets.xcassets in Resources */ = {isa = PBXBuildFile; fileRef = 29AA140B1EF44E4900011A16 /* Assets.xcassets */; };
		29AA140F1EF44E4900011A16 /* LaunchScreen.storyboard in Resources */ = {isa = PBXBuildFile; fileRef = 29AA140D1EF44E4900011A16 /* LaunchScreen.storyboard */; };
		29AA14171EF4523C00011A16 /* LocationProvider.swift in Sources */ = {isa = PBXBuildFile; fileRef = 29AA14161EF4523C00011A16 /* LocationProvider.swift */; };
		29AA141A1EF4535500011A16 /* Utils.swift in Sources */ = {isa = PBXBuildFile; fileRef = 29AA14191EF4535500011A16 /* Utils.swift */; };
		81AED8896298EE11E1E2ED1F /* Pods_WeatherApp.framework in Frameworks */ = {isa = PBXBuildFile; fileRef = 519E6443EEDBF6DC5FDE214B /* Pods_WeatherApp.framework */; };
/* End PBXBuildFile section */

/* Begin PBXFileReference section */
		29AA14011EF44E4900011A16 /* WeatherApp.app */ = {isa = PBXFileReference; explicitFileType = wrapper.application; includeInIndex = 0; path = WeatherApp.app; sourceTree = BUILT_PRODUCTS_DIR; };
		29AA14041EF44E4900011A16 /* AppDelegate.swift */ = {isa = PBXFileReference; lastKnownFileType = sourcecode.swift; path = AppDelegate.swift; sourceTree = "<group>"; };
		29AA14061EF44E4900011A16 /* ViewController.swift */ = {isa = PBXFileReference; lastKnownFileType = sourcecode.swift; path = ViewController.swift; sourceTree = "<group>"; };
		29AA14091EF44E4900011A16 /* Base */ = {isa = PBXFileReference; lastKnownFileType = file.storyboard; name = Base; path = Base.lproj/Main.storyboard; sourceTree = "<group>"; };
		29AA140B1EF44E4900011A16 /* Assets.xcassets */ = {isa = PBXFileReference; lastKnownFileType = folder.assetcatalog; path = Assets.xcassets; sourceTree = "<group>"; };
		29AA140E1EF44E4900011A16 /* Base */ = {isa = PBXFileReference; lastKnownFileType = file.storyboard; name = Base; path = Base.lproj/LaunchScreen.storyboard; sourceTree = "<group>"; };
		29AA14101EF44E4900011A16 /* Info.plist */ = {isa = PBXFileReference; lastKnownFileType = text.plist.xml; path = Info.plist; sourceTree = "<group>"; };
		29AA14161EF4523C00011A16 /* LocationProvider.swift */ = {isa = PBXFileReference; fileEncoding = 4; lastKnownFileType = sourcecode.swift; path = LocationProvider.swift; sourceTree = "<group>"; };
		29AA14191EF4535500011A16 /* Utils.swift */ = {isa = PBXFileReference; fileEncoding = 4; lastKnownFileType = sourcecode.swift; path = Utils.swift; sourceTree = "<group>"; };
		519E6443EEDBF6DC5FDE214B /* Pods_WeatherApp.framework */ = {isa = PBXFileReference; explicitFileType = wrapper.framework; includeInIndex = 0; path = Pods_WeatherApp.framework; sourceTree = BUILT_PRODUCTS_DIR; };
		86484B6D6B57753EC83E75E8 /* Pods-WeatherApp.debug.xcconfig */ = {isa = PBXFileReference; includeInIndex = 1; lastKnownFileType = text.xcconfig; name = "Pods-WeatherApp.debug.xcconfig"; path = "Pods/Target Support Files/Pods-WeatherApp/Pods-WeatherApp.debug.xcconfig"; sourceTree = "<group>"; };
		8CEFF1BDF1CA1F0501CE4133 /* Pods-WeatherApp.release.xcconfig */ = {isa = PBXFileReference; includeInIndex = 1; lastKnownFileType = text.xcconfig; name = "Pods-WeatherApp.release.xcconfig"; path = "Pods/Target Support Files/Pods-WeatherApp/Pods-WeatherApp.release.xcconfig"; sourceTree = "<group>"; };
/* End PBXFileReference section */

/* Begin PBXFrameworksBuildPhase section */
		29AA13FE1EF44E4900011A16 /* Frameworks */ = {
			isa = PBXFrameworksBuildPhase;
			buildActionMask = 2147483647;
			files = (
				81AED8896298EE11E1E2ED1F /* Pods_WeatherApp.framework in Frameworks */,
			);
			runOnlyForDeploymentPostprocessing = 0;
		};
/* End PBXFrameworksBuildPhase section */

/* Begin PBXGroup section */
		29AA13F81EF44E4900011A16 = {
			isa = PBXGroup;
			children = (
				29AA14031EF44E4900011A16 /* WeatherApp */,
				29AA14021EF44E4900011A16 /* Products */,
				46A7B86BCE2257FD6786E839 /* Pods */,
				B659C787DA757B874719342E /* Frameworks */,
			);
			sourceTree = "<group>";
		};
		29AA14021EF44E4900011A16 /* Products */ = {
			isa = PBXGroup;
			children = (
				29AA14011EF44E4900011A16 /* WeatherApp.app */,
			);
			name = Products;
			sourceTree = "<group>";
		};
		29AA14031EF44E4900011A16 /* WeatherApp */ = {
			isa = PBXGroup;
			children = (
				29AA14041EF44E4900011A16 /* AppDelegate.swift */,
				29AA14181EF4533800011A16 /* Service */,
				29AA141B1EF458E900011A16 /* Controllers */,
				29AA14081EF44E4900011A16 /* Main.storyboard */,
				29AA140B1EF44E4900011A16 /* Assets.xcassets */,
				29AA140D1EF44E4900011A16 /* LaunchScreen.storyboard */,
				29AA14101EF44E4900011A16 /* Info.plist */,
			);
			path = WeatherApp;
			sourceTree = "<group>";
		};
		29AA14181EF4533800011A16 /* Service */ = {
			isa = PBXGroup;
			children = (
				29AA14161EF4523C00011A16 /* LocationProvider.swift */,
				29AA14191EF4535500011A16 /* Utils.swift */,
			);
			name = Service;
			sourceTree = "<group>";
		};
		29AA141B1EF458E900011A16 /* Controllers */ = {
			isa = PBXGroup;
			children = (
				29AA14061EF44E4900011A16 /* ViewController.swift */,
			);
			name = Controllers;
			sourceTree = "<group>";
		};
		46A7B86BCE2257FD6786E839 /* Pods */ = {
			isa = PBXGroup;
			children = (
				86484B6D6B57753EC83E75E8 /* Pods-WeatherApp.debug.xcconfig */,
				8CEFF1BDF1CA1F0501CE4133 /* Pods-WeatherApp.release.xcconfig */,
			);
			name = Pods;
			sourceTree = "<group>";
		};
		B659C787DA757B874719342E /* Frameworks */ = {
			isa = PBXGroup;
			children = (
				519E6443EEDBF6DC5FDE214B /* Pods_WeatherApp.framework */,
			);
			name = Frameworks;
			sourceTree = "<group>";
		};
/* End PBXGroup section */

/* Begin PBXNativeTarget section */
		29AA14001EF44E4900011A16 /* WeatherApp */ = {
			isa = PBXNativeTarget;
			buildConfigurationList = 29AA14131EF44E4900011A16 /* Build configuration list for PBXNativeTarget "WeatherApp" */;
			buildPhases = (
				C3ED236785A0D31FECB021A8 /* [CP] Check Pods Manifest.lock */,
				29AA13FD1EF44E4900011A16 /* Sources */,
				29AA13FE1EF44E4900011A16 /* Frameworks */,
				29AA13FF1EF44E4900011A16 /* Resources */,
				B6494AC0092F7510E2C328E6 /* [CP] Embed Pods Frameworks */,
				C056479097DBCB38A643A357 /* [CP] Copy Pods Resources */,
			);
			buildRules = (
			);
			dependencies = (
			);
			name = WeatherApp;
			productName = WeatherApp;
			productReference = 29AA14011EF44E4900011A16 /* WeatherApp.app */;
			productType = "com.apple.product-type.application";
		};
/* End PBXNativeTarget section */

/* Begin PBXProject section */
		29AA13F91EF44E4900011A16 /* Project object */ = {
			isa = PBXProject;
			attributes = {
				LastSwiftUpdateCheck = 0830;
				LastUpgradeCheck = 0830;
				ORGANIZATIONNAME = "Ivan Denezhkin";
				TargetAttributes = {
					29AA14001EF44E4900011A16 = {
						CreatedOnToolsVersion = 8.3.3;
						DevelopmentTeam = C8NAERUMNS;
						ProvisioningStyle = Automatic;
					};
				};
			};
			buildConfigurationList = 29AA13FC1EF44E4900011A16 /* Build configuration list for PBXProject "WeatherApp" */;
			compatibilityVersion = "Xcode 3.2";
			developmentRegion = English;
			hasScannedForEncodings = 0;
			knownRegions = (
				en,
				Base,
			);
			mainGroup = 29AA13F81EF44E4900011A16;
			productRefGroup = 29AA14021EF44E4900011A16 /* Products */;
			projectDirPath = "";
			projectRoot = "";
			targets = (
				29AA14001EF44E4900011A16 /* WeatherApp */,
			);
		};
/* End PBXProject section */

/* Begin PBXResourcesBuildPhase section */
		29AA13FF1EF44E4900011A16 /* Resources */ = {
			isa = PBXResourcesBuildPhase;
			buildActionMask = 2147483647;
			files = (
				29AA140F1EF44E4900011A16 /* LaunchScreen.storyboard in Resources */,
				29AA140C1EF44E4900011A16 /* Assets.xcassets in Resources */,
				29AA140A1EF44E4900011A16 /* Main.storyboard in Resources */,
			);
			runOnlyForDeploymentPostprocessing = 0;
		};
/* End PBXResourcesBuildPhase section */

/* Begin PBXShellScriptBuildPhase section */
		B6494AC0092F7510E2C328E6 /* [CP] Embed Pods Frameworks */ = {
			isa = PBXShellScriptBuildPhase;
			buildActionMask = 2147483647;
			files = (
			);
			inputPaths = (
			);
			name = "[CP] Embed Pods Frameworks";
			outputPaths = (
			);
			runOnlyForDeploymentPostprocessing = 0;
			shellPath = /bin/sh;
			shellScript = "\"${SRCROOT}/Pods/Target Support Files/Pods-WeatherApp/Pods-WeatherApp-frameworks.sh\"\n";
			showEnvVarsInLog = 0;
		};
		C056479097DBCB38A643A357 /* [CP] Copy Pods Resources */ = {
			isa = PBXShellScriptBuildPhase;
			buildActionMask = 2147483647;
			files = (
			);
			inputPaths = (
			);
			name = "[CP] Copy Pods Resources";
			outputPaths = (
			);
			runOnlyForDeploymentPostprocessing = 0;
			shellPath = /bin/sh;
			shellScript = "\"${SRCROOT}/Pods/Target Support Files/Pods-WeatherApp/Pods-WeatherApp-resources.sh\"\n";
			showEnvVarsInLog = 0;
		};
		C3ED236785A0D31FECB021A8 /* [CP] Check Pods Manifest.lock */ = {
			isa = PBXShellScriptBuildPhase;
			buildActionMask = 2147483647;
			files = (
			);
			inputPaths = (
			);
			name = "[CP] Check Pods Manifest.lock";
			outputPaths = (
			);
			runOnlyForDeploymentPostprocessing = 0;
			shellPath = /bin/sh;
			shellScript = "diff \"${PODS_ROOT}/../Podfile.lock\" \"${PODS_ROOT}/Manifest.lock\" > /dev/null\nif [ $? != 0 ] ; then\n    # print error to STDERR\n    echo \"error: The sandbox is not in sync with the Podfile.lock. Run 'pod install' or update your CocoaPods installation.\" >&2\n    exit 1\nfi\n";
			showEnvVarsInLog = 0;
		};
/* End PBXShellScriptBuildPhase section */

/* Begin PBXSourcesBuildPhase section */
		29AA13FD1EF44E4900011A16 /* Sources */ = {
			isa = PBXSourcesBuildPhase;
			buildActionMask = 2147483647;
			files = (
				29AA14171EF4523C00011A16 /* LocationProvider.swift in Sources */,
				29AA14071EF44E4900011A16 /* ViewController.swift in Sources */,
				29AA14051EF44E4900011A16 /* AppDelegate.swift in Sources */,
				29AA141A1EF4535500011A16 /* Utils.swift in Sources */,
			);
			runOnlyForDeploymentPostprocessing = 0;
		};
/* End PBXSourcesBuildPhase section */

/* Begin PBXVariantGroup section */
		29AA14081EF44E4900011A16 /* Main.storyboard */ = {
			isa = PBXVariantGroup;
			children = (
				29AA14091EF44E4900011A16 /* Base */,
			);
			name = Main.storyboard;
			sourceTree = "<group>";
		};
		29AA140D1EF44E4900011A16 /* LaunchScreen.storyboard */ = {
			isa = PBXVariantGroup;
			children = (
				29AA140E1EF44E4900011A16 /* Base */,
			);
			name = LaunchScreen.storyboard;
			sourceTree = "<group>";
		};
/* End PBXVariantGroup section */

/* Begin XCBuildConfiguration section */
		29AA14111EF44E4900011A16 /* Debug */ = {
			isa = XCBuildConfiguration;
			buildSettings = {
				ALWAYS_SEARCH_USER_PATHS = NO;
				CLANG_ANALYZER_NONNULL = YES;
				CLANG_ANALYZER_NUMBER_OBJECT_CONVERSION = YES_AGGRESSIVE;
				CLANG_CXX_LANGUAGE_STANDARD = "gnu++0x";
				CLANG_CXX_LIBRARY = "libc++";
				CLANG_ENABLE_MODULES = YES;
				CLANG_ENABLE_OBJC_ARC = YES;
				CLANG_WARN_BOOL_CONVERSION = YES;
				CLANG_WARN_CONSTANT_CONVERSION = YES;
				CLANG_WARN_DIRECT_OBJC_ISA_USAGE = YES_ERROR;
				CLANG_WARN_DOCUMENTATION_COMMENTS = YES;
				CLANG_WARN_EMPTY_BODY = YES;
				CLANG_WARN_ENUM_CONVERSION = YES;
				CLANG_WARN_INFINITE_RECURSION = YES;
				CLANG_WARN_INT_CONVERSION = YES;
				CLANG_WARN_OBJC_ROOT_CLASS = YES_ERROR;
				CLANG_WARN_SUSPICIOUS_MOVE = YES;
				CLANG_WARN_UNREACHABLE_CODE = YES;
				CLANG_WARN__DUPLICATE_METHOD_MATCH = YES;
				"CODE_SIGN_IDENTITY[sdk=iphoneos*]" = "iPhone Developer";
				COPY_PHASE_STRIP = NO;
				DEBUG_INFORMATION_FORMAT = dwarf;
				ENABLE_STRICT_OBJC_MSGSEND = YES;
				ENABLE_TESTABILITY = YES;
				GCC_C_LANGUAGE_STANDARD = gnu99;
				GCC_DYNAMIC_NO_PIC = NO;
				GCC_NO_COMMON_BLOCKS = YES;
				GCC_OPTIMIZATION_LEVEL = 0;
				GCC_PREPROCESSOR_DEFINITIONS = (
					"DEBUG=1",
					"$(inherited)",
				);
				GCC_WARN_64_TO_32_BIT_CONVERSION = YES;
				GCC_WARN_ABOUT_RETURN_TYPE = YES_ERROR;
				GCC_WARN_UNDECLARED_SELECTOR = YES;
				GCC_WARN_UNINITIALIZED_AUTOS = YES_AGGRESSIVE;
				GCC_WARN_UNUSED_FUNCTION = YES;
				GCC_WARN_UNUSED_VARIABLE = YES;
				IPHONEOS_DEPLOYMENT_TARGET = 10.3;
				MTL_ENABLE_DEBUG_INFO = YES;
				ONLY_ACTIVE_ARCH = YES;
				SDKROOT = iphoneos;
				SWIFT_ACTIVE_COMPILATION_CONDITIONS = DEBUG;
				SWIFT_OPTIMIZATION_LEVEL = "-Onone";
			};
			name = Debug;
		};
		29AA14121EF44E4900011A16 /* Release */ = {
			isa = XCBuildConfiguration;
			buildSettings = {
				ALWAYS_SEARCH_USER_PATHS = NO;
				CLANG_ANALYZER_NONNULL = YES;
				CLANG_ANALYZER_NUMBER_OBJECT_CONVERSION = YES_AGGRESSIVE;
				CLANG_CXX_LANGUAGE_STANDARD = "gnu++0x";
				CLANG_CXX_LIBRARY = "libc++";
				CLANG_ENABLE_MODULES = YES;
				CLANG_ENABLE_OBJC_ARC = YES;
				CLANG_WARN_BOOL_CONVERSION = YES;
				CLANG_WARN_CONSTANT_CONVERSION = YES;
				CLANG_WARN_DIRECT_OBJC_ISA_USAGE = YES_ERROR;
				CLANG_WARN_DOCUMENTATION_COMMENTS = YES;
				CLANG_WARN_EMPTY_BODY = YES;
				CLANG_WARN_ENUM_CONVERSION = YES;
				CLANG_WARN_INFINITE_RECURSION = YES;
				CLANG_WARN_INT_CONVERSION = YES;
				CLANG_WARN_OBJC_ROOT_CLASS = YES_ERROR;
				CLANG_WARN_SUSPICIOUS_MOVE = YES;
				CLANG_WARN_UNREACHABLE_CODE = YES;
				CLANG_WARN__DUPLICATE_METHOD_MATCH = YES;
				"CODE_SIGN_IDENTITY[sdk=iphoneos*]" = "iPhone Developer";
				COPY_PHASE_STRIP = NO;
				DEBUG_INFORMATION_FORMAT = "dwarf-with-dsym";
				ENABLE_NS_ASSERTIONS = NO;
				ENABLE_STRICT_OBJC_MSGSEND = YES;
				GCC_C_LANGUAGE_STANDARD = gnu99;
				GCC_NO_COMMON_BLOCKS = YES;
				GCC_WARN_64_TO_32_BIT_CONVERSION = YES;
				GCC_WARN_ABOUT_RETURN_TYPE = YES_ERROR;
				GCC_WARN_UNDECLARED_SELECTOR = YES;
				GCC_WARN_UNINITIALIZED_AUTOS = YES_AGGRESSIVE;
				GCC_WARN_UNUSED_FUNCTION = YES;
				GCC_WARN_UNUSED_VARIABLE = YES;
				IPHONEOS_DEPLOYMENT_TARGET = 10.3;
				MTL_ENABLE_DEBUG_INFO = NO;
				SDKROOT = iphoneos;
				SWIFT_OPTIMIZATION_LEVEL = "-Owholemodule";
				VALIDATE_PRODUCT = YES;
			};
			name = Release;
		};
		29AA14141EF44E4900011A16 /* Debug */ = {
			isa = XCBuildConfiguration;
			baseConfigurationReference = 86484B6D6B57753EC83E75E8 /* Pods-WeatherApp.debug.xcconfig */;
			buildSettings = {
				ASSETCATALOG_COMPILER_APPICON_NAME = AppIcon;
				DEVELOPMENT_TEAM = C8NAERUMNS;
				INFOPLIST_FILE = WeatherApp/Info.plist;
				LD_RUNPATH_SEARCH_PATHS = "$(inherited) @executable_path/Frameworks";
				PRODUCT_BUNDLE_IDENTIFIER = HO.WeatherApp;
				PRODUCT_NAME = "$(TARGET_NAME)";
				SWIFT_VERSION = 3.0;
			};
			name = Debug;
		};
		29AA14151EF44E4900011A16 /* Release */ = {
			isa = XCBuildConfiguration;
			baseConfigurationReference = 8CEFF1BDF1CA1F0501CE4133 /* Pods-WeatherApp.release.xcconfig */;
			buildSettings = {
				ASSETCATALOG_COMPILER_APPICON_NAME = AppIcon;
				DEVELOPMENT_TEAM = C8NAERUMNS;
				INFOPLIST_FILE = WeatherApp/Info.plist;
				LD_RUNPATH_SEARCH_PATHS = "$(inherited) @executable_path/Frameworks";
				PRODUCT_BUNDLE_IDENTIFIER = HO.WeatherApp;
				PRODUCT_NAME = "$(TARGET_NAME)";
				SWIFT_VERSION = 3.0;
			};
			name = Release;
		};
/* End XCBuildConfiguration section */

/* Begin XCConfigurationList section */
		29AA13FC1EF44E4900011A16 /* Build configuration list for PBXProject "WeatherApp" */ = {
			isa = XCConfigurationList;
			buildConfigurations = (
				29AA14111EF44E4900011A16 /* Debug */,
				29AA14121EF44E4900011A16 /* Release */,
			);
			defaultConfigurationIsVisible = 0;
			defaultConfigurationName = Release;
		};
		29AA14131EF44E4900011A16 /* Build configuration list for PBXNativeTarget "WeatherApp" */ = {
			isa = XCConfigurationList;
			buildConfigurations = (
				29AA14141EF44E4900011A16 /* Debug */,
				29AA14151EF44E4900011A16 /* Release */,
			);
			defaultConfigurationIsVisible = 0;
			defaultConfigurationName = Release;
		};
/* End XCConfigurationList section */
	};
	rootObject = 29AA13F91EF44E4900011A16 /* Project object */;
}
